// !$*UTF8*$!
{
	archiveVersion = 1;
	classes = {
	};
	objectVersion = 55;
	objects = {

/* Begin PBXBuildFile section */
		5C09DA2927C19632003D03F7 /* EventCountdownApp.swift in Sources */ = {isa = PBXBuildFile; fileRef = 5C09DA2827C19632003D03F7 /* EventCountdownApp.swift */; };
		5C09DA2B27C19632003D03F7 /* ContentView.swift in Sources */ = {isa = PBXBuildFile; fileRef = 5C09DA2A27C19632003D03F7 /* ContentView.swift */; };
		5C09DA2D27C19633003D03F7 /* Assets.xcassets in Resources */ = {isa = PBXBuildFile; fileRef = 5C09DA2C27C19633003D03F7 /* Assets.xcassets */; };
		5C09DA3027C19633003D03F7 /* Preview Assets.xcassets in Resources */ = {isa = PBXBuildFile; fileRef = 5C09DA2F27C19633003D03F7 /* Preview Assets.xcassets */; };
		5C09DA3827C19773003D03F7 /* EventCountdown.xcdatamodeld in Sources */ = {isa = PBXBuildFile; fileRef = 5C09DA3627C19773003D03F7 /* EventCountdown.xcdatamodeld */; };
		5C09DA3A27C19842003D03F7 /* DataController.swift in Sources */ = {isa = PBXBuildFile; fileRef = 5C09DA3927C19842003D03F7 /* DataController.swift */; };
		5C09DA3D27C199BA003D03F7 /* EventList.swift in Sources */ = {isa = PBXBuildFile; fileRef = 5C09DA3C27C199BA003D03F7 /* EventList.swift */; };
		5C09DA3F27C199CB003D03F7 /* EventView.swift in Sources */ = {isa = PBXBuildFile; fileRef = 5C09DA3E27C199CB003D03F7 /* EventView.swift */; };
		5C09DA4127C199D6003D03F7 /* EventDetailView.swift in Sources */ = {isa = PBXBuildFile; fileRef = 5C09DA4027C199D6003D03F7 /* EventDetailView.swift */; };
		5C09DA4427C199F4003D03F7 /* TimeCard.swift in Sources */ = {isa = PBXBuildFile; fileRef = 5C09DA4327C199F4003D03F7 /* TimeCard.swift */; };
		5C09DA4627C1A3D0003D03F7 /* EventRow.swift in Sources */ = {isa = PBXBuildFile; fileRef = 5C09DA4527C1A3D0003D03F7 /* EventRow.swift */; };
		5C09DA4827C1A720003D03F7 /* RefreshTimer.swift in Sources */ = {isa = PBXBuildFile; fileRef = 5C09DA4727C1A720003D03F7 /* RefreshTimer.swift */; };
		5C09DA4A27C1A977003D03F7 /* ColorExtension.swift in Sources */ = {isa = PBXBuildFile; fileRef = 5C09DA4927C1A977003D03F7 /* ColorExtension.swift */; };
		5C09DA4C27C1ACC0003D03F7 /* DateExtension.swift in Sources */ = {isa = PBXBuildFile; fileRef = 5C09DA4B27C1ACC0003D03F7 /* DateExtension.swift */; };
/* End PBXBuildFile section */

/* Begin PBXFileReference section */
		5C09DA2527C19632003D03F7 /* EventCountdown.app */ = {isa = PBXFileReference; explicitFileType = wrapper.application; includeInIndex = 0; path = EventCountdown.app; sourceTree = BUILT_PRODUCTS_DIR; };
		5C09DA2827C19632003D03F7 /* EventCountdownApp.swift */ = {isa = PBXFileReference; lastKnownFileType = sourcecode.swift; path = EventCountdownApp.swift; sourceTree = "<group>"; };
		5C09DA2A27C19632003D03F7 /* ContentView.swift */ = {isa = PBXFileReference; lastKnownFileType = sourcecode.swift; path = ContentView.swift; sourceTree = "<group>"; };
		5C09DA2C27C19633003D03F7 /* Assets.xcassets */ = {isa = PBXFileReference; lastKnownFileType = folder.assetcatalog; path = Assets.xcassets; sourceTree = "<group>"; };
		5C09DA2F27C19633003D03F7 /* Preview Assets.xcassets */ = {isa = PBXFileReference; lastKnownFileType = folder.assetcatalog; path = "Preview Assets.xcassets"; sourceTree = "<group>"; };
		5C09DA3727C19773003D03F7 /* EventCountdown.xcdatamodel */ = {isa = PBXFileReference; lastKnownFileType = wrapper.xcdatamodel; path = EventCountdown.xcdatamodel; sourceTree = "<group>"; };
		5C09DA3927C19842003D03F7 /* DataController.swift */ = {isa = PBXFileReference; lastKnownFileType = sourcecode.swift; path = DataController.swift; sourceTree = "<group>"; };
		5C09DA3C27C199BA003D03F7 /* EventList.swift */ = {isa = PBXFileReference; lastKnownFileType = sourcecode.swift; path = EventList.swift; sourceTree = "<group>"; };
		5C09DA3E27C199CB003D03F7 /* EventView.swift */ = {isa = PBXFileReference; lastKnownFileType = sourcecode.swift; path = EventView.swift; sourceTree = "<group>"; };
		5C09DA4027C199D6003D03F7 /* EventDetailView.swift */ = {isa = PBXFileReference; lastKnownFileType = sourcecode.swift; path = EventDetailView.swift; sourceTree = "<group>"; };
		5C09DA4327C199F4003D03F7 /* TimeCard.swift */ = {isa = PBXFileReference; lastKnownFileType = sourcecode.swift; path = TimeCard.swift; sourceTree = "<group>"; };
		5C09DA4527C1A3D0003D03F7 /* EventRow.swift */ = {isa = PBXFileReference; lastKnownFileType = sourcecode.swift; path = EventRow.swift; sourceTree = "<group>"; };
		5C09DA4727C1A720003D03F7 /* RefreshTimer.swift */ = {isa = PBXFileReference; lastKnownFileType = sourcecode.swift; path = RefreshTimer.swift; sourceTree = "<group>"; };
		5C09DA4927C1A977003D03F7 /* ColorExtension.swift */ = {isa = PBXFileReference; lastKnownFileType = sourcecode.swift; path = ColorExtension.swift; sourceTree = "<group>"; };
		5C09DA4B27C1ACC0003D03F7 /* DateExtension.swift */ = {isa = PBXFileReference; lastKnownFileType = sourcecode.swift; path = DateExtension.swift; sourceTree = "<group>"; };
/* End PBXFileReference section */

/* Begin PBXFrameworksBuildPhase section */
		5C09DA2227C19632003D03F7 /* Frameworks */ = {
			isa = PBXFrameworksBuildPhase;
			buildActionMask = 2147483647;
			files = (
			);
			runOnlyForDeploymentPostprocessing = 0;
		};
/* End PBXFrameworksBuildPhase section */

/* Begin PBXGroup section */
		5C09DA1C27C19632003D03F7 = {
			isa = PBXGroup;
			children = (
				5C09DA2727C19632003D03F7 /* EventCountdown */,
				5C09DA2627C19632003D03F7 /* Products */,
			);
			sourceTree = "<group>";
		};
		5C09DA2627C19632003D03F7 /* Products */ = {
			isa = PBXGroup;
			children = (
				5C09DA2527C19632003D03F7 /* EventCountdown.app */,
			);
			name = Products;
			sourceTree = "<group>";
		};
		5C09DA2727C19632003D03F7 /* EventCountdown */ = {
			isa = PBXGroup;
			children = (
				5C09DA2827C19632003D03F7 /* EventCountdownApp.swift */,
				5C09DA3627C19773003D03F7 /* EventCountdown.xcdatamodeld */,
				5C09DA3927C19842003D03F7 /* DataController.swift */,
				5C09DA3B27C199A9003D03F7 /* Views */,
				5C09DA4D27C1B236003D03F7 /* Helpers */,
				5C09DA2C27C19633003D03F7 /* Assets.xcassets */,
				5C09DA2E27C19633003D03F7 /* Preview Content */,
			);
			path = EventCountdown;
			sourceTree = "<group>";
		};
		5C09DA2E27C19633003D03F7 /* Preview Content */ = {
			isa = PBXGroup;
			children = (
				5C09DA2F27C19633003D03F7 /* Preview Assets.xcassets */,
			);
			path = "Preview Content";
			sourceTree = "<group>";
		};
		5C09DA3B27C199A9003D03F7 /* Views */ = {
			isa = PBXGroup;
			children = (
				5C09DA2A27C19632003D03F7 /* ContentView.swift */,
				5C09DA3C27C199BA003D03F7 /* EventList.swift */,
				5C09DA3E27C199CB003D03F7 /* EventView.swift */,
				5C09DA4027C199D6003D03F7 /* EventDetailView.swift */,
				5C09DA4327C199F4003D03F7 /* TimeCard.swift */,
				5C09DA4527C1A3D0003D03F7 /* EventRow.swift */,
			);
			path = Views;
			sourceTree = "<group>";
		};
		5C09DA4D27C1B236003D03F7 /* Helpers */ = {
			isa = PBXGroup;
			children = (
				5C09DA4727C1A720003D03F7 /* RefreshTimer.swift */,
				5C09DA4927C1A977003D03F7 /* ColorExtension.swift */,
				5C09DA4B27C1ACC0003D03F7 /* DateExtension.swift */,
			);
			path = Helpers;
			sourceTree = "<group>";
		};
/* End PBXGroup section */

/* Begin PBXNativeTarget section */
		5C09DA2427C19632003D03F7 /* EventCountdown */ = {
			isa = PBXNativeTarget;
			buildConfigurationList = 5C09DA3327C19633003D03F7 /* Build configuration list for PBXNativeTarget "EventCountdown" */;
			buildPhases = (
				5C09DA2127C19632003D03F7 /* Sources */,
				5C09DA2227C19632003D03F7 /* Frameworks */,
				5C09DA2327C19632003D03F7 /* Resources */,
			);
			buildRules = (
			);
			dependencies = (
			);
			name = EventCountdown;
			productName = EventCountdown;
			productReference = 5C09DA2527C19632003D03F7 /* EventCountdown.app */;
			productType = "com.apple.product-type.application";
		};
/* End PBXNativeTarget section */

/* Begin PBXProject section */
		5C09DA1D27C19632003D03F7 /* Project object */ = {
			isa = PBXProject;
			attributes = {
				BuildIndependentTargetsInParallel = 1;
				LastSwiftUpdateCheck = 1320;
				LastUpgradeCheck = 1320;
				TargetAttributes = {
					5C09DA2427C19632003D03F7 = {
						CreatedOnToolsVersion = 13.2.1;
					};
				};
			};
			buildConfigurationList = 5C09DA2027C19632003D03F7 /* Build configuration list for PBXProject "EventCountdown" */;
			compatibilityVersion = "Xcode 13.0";
			developmentRegion = en;
			hasScannedForEncodings = 0;
			knownRegions = (
				en,
				Base,
			);
			mainGroup = 5C09DA1C27C19632003D03F7;
			productRefGroup = 5C09DA2627C19632003D03F7 /* Products */;
			projectDirPath = "";
			projectRoot = "";
			targets = (
				5C09DA2427C19632003D03F7 /* EventCountdown */,
			);
		};
/* End PBXProject section */

/* Begin PBXResourcesBuildPhase section */
		5C09DA2327C19632003D03F7 /* Resources */ = {
			isa = PBXResourcesBuildPhase;
			buildActionMask = 2147483647;
			files = (
				5C09DA3027C19633003D03F7 /* Preview Assets.xcassets in Resources */,
				5C09DA2D27C19633003D03F7 /* Assets.xcassets in Resources */,
			);
			runOnlyForDeploymentPostprocessing = 0;
		};
/* End PBXResourcesBuildPhase section */

/* Begin PBXSourcesBuildPhase section */
		5C09DA2127C19632003D03F7 /* Sources */ = {
			isa = PBXSourcesBuildPhase;
			buildActionMask = 2147483647;
			files = (
				5C09DA3827C19773003D03F7 /* EventCountdown.xcdatamodeld in Sources */,
				5C09DA4C27C1ACC0003D03F7 /* DateExtension.swift in Sources */,
				5C09DA4627C1A3D0003D03F7 /* EventRow.swift in Sources */,
				5C09DA3A27C19842003D03F7 /* DataController.swift in Sources */,
				5C09DA4827C1A720003D03F7 /* RefreshTimer.swift in Sources */,
				5C09DA4427C199F4003D03F7 /* TimeCard.swift in Sources */,
				5C09DA2B27C19632003D03F7 /* ContentView.swift in Sources */,
				5C09DA3F27C199CB003D03F7 /* EventView.swift in Sources */,
				5C09DA3D27C199BA003D03F7 /* EventList.swift in Sources */,
				5C09DA2927C19632003D03F7 /* EventCountdownApp.swift in Sources */,
				5C09DA4A27C1A977003D03F7 /* ColorExtension.swift in Sources */,
				5C09DA4127C199D6003D03F7 /* EventDetailView.swift in Sources */,
			);
			runOnlyForDeploymentPostprocessing = 0;
		};
/* End PBXSourcesBuildPhase section */

/* Begin XCBuildConfiguration section */
		5C09DA3127C19633003D03F7 /* Debug */ = {
			isa = XCBuildConfiguration;
			buildSettings = {
				ALWAYS_SEARCH_USER_PATHS = NO;
				CLANG_ANALYZER_NONNULL = YES;
				CLANG_ANALYZER_NUMBER_OBJECT_CONVERSION = YES_AGGRESSIVE;
				CLANG_CXX_LANGUAGE_STANDARD = "gnu++17";
				CLANG_CXX_LIBRARY = "libc++";
				CLANG_ENABLE_MODULES = YES;
				CLANG_ENABLE_OBJC_ARC = YES;
				CLANG_ENABLE_OBJC_WEAK = YES;
				CLANG_WARN_BLOCK_CAPTURE_AUTORELEASING = YES;
				CLANG_WARN_BOOL_CONVERSION = YES;
				CLANG_WARN_COMMA = YES;
				CLANG_WARN_CONSTANT_CONVERSION = YES;
				CLANG_WARN_DEPRECATED_OBJC_IMPLEMENTATIONS = YES;
				CLANG_WARN_DIRECT_OBJC_ISA_USAGE = YES_ERROR;
				CLANG_WARN_DOCUMENTATION_COMMENTS = YES;
				CLANG_WARN_EMPTY_BODY = YES;
				CLANG_WARN_ENUM_CONVERSION = YES;
				CLANG_WARN_INFINITE_RECURSION = YES;
				CLANG_WARN_INT_CONVERSION = YES;
				CLANG_WARN_NON_LITERAL_NULL_CONVERSION = YES;
				CLANG_WARN_OBJC_IMPLICIT_RETAIN_SELF = YES;
				CLANG_WARN_OBJC_LITERAL_CONVERSION = YES;
				CLANG_WARN_OBJC_ROOT_CLASS = YES_ERROR;
				CLANG_WARN_QUOTED_INCLUDE_IN_FRAMEWORK_HEADER = YES;
				CLANG_WARN_RANGE_LOOP_ANALYSIS = YES;
				CLANG_WARN_STRICT_PROTOTYPES = YES;
				CLANG_WARN_SUSPICIOUS_MOVE = YES;
				CLANG_WARN_UNGUARDED_AVAILABILITY = YES_AGGRESSIVE;
				CLANG_WARN_UNREACHABLE_CODE = YES;
				CLANG_WARN__DUPLICATE_METHOD_MATCH = YES;
				COPY_PHASE_STRIP = NO;
				DEBUG_INFORMATION_FORMAT = dwarf;
				ENABLE_STRICT_OBJC_MSGSEND = YES;
				ENABLE_TESTABILITY = YES;
				GCC_C_LANGUAGE_STANDARD = gnu11;
				GCC_DYNAMIC_NO_PIC = NO;
				GCC_NO_COMMON_BLOCKS = YES;
				GCC_OPTIMIZATION_LEVEL = 0;
				GCC_PREPROCESSOR_DEFINITIONS = (
					"DEBUG=1",
					"$(inherited)",
				);
				GCC_WARN_64_TO_32_BIT_CONVERSION = YES;
				GCC_WARN_ABOUT_RETURN_TYPE = YES_ERROR;
				GCC_WARN_UNDECLARED_SELECTOR = YES;
				GCC_WARN_UNINITIALIZED_AUTOS = YES_AGGRESSIVE;
				GCC_WARN_UNUSED_FUNCTION = YES;
				GCC_WARN_UNUSED_VARIABLE = YES;
				IPHONEOS_DEPLOYMENT_TARGET = 15.2;
				MTL_ENABLE_DEBUG_INFO = INCLUDE_SOURCE;
				MTL_FAST_MATH = YES;
				ONLY_ACTIVE_ARCH = YES;
				SDKROOT = iphoneos;
				SWIFT_ACTIVE_COMPILATION_CONDITIONS = DEBUG;
				SWIFT_OPTIMIZATION_LEVEL = "-Onone";
			};
			name = Debug;
		};
		5C09DA3227C19633003D03F7 /* Release */ = {
			isa = XCBuildConfiguration;
			buildSettings = {
				ALWAYS_SEARCH_USER_PATHS = NO;
				CLANG_ANALYZER_NONNULL = YES;
				CLANG_ANALYZER_NUMBER_OBJECT_CONVERSION = YES_AGGRESSIVE;
				CLANG_CXX_LANGUAGE_STANDARD = "gnu++17";
				CLANG_CXX_LIBRARY = "libc++";
				CLANG_ENABLE_MODULES = YES;
				CLANG_ENABLE_OBJC_ARC = YES;
				CLANG_ENABLE_OBJC_WEAK = YES;
				CLANG_WARN_BLOCK_CAPTURE_AUTORELEASING = YES;
				CLANG_WARN_BOOL_CONVERSION = YES;
				CLANG_WARN_COMMA = YES;
				CLANG_WARN_CONSTANT_CONVERSION = YES;
				CLANG_WARN_DEPRECATED_OBJC_IMPLEMENTATIONS = YES;
				CLANG_WARN_DIRECT_OBJC_ISA_USAGE = YES_ERROR;
				CLANG_WARN_DOCUMENTATION_COMMENTS = YES;
				CLANG_WARN_EMPTY_BODY = YES;
				CLANG_WARN_ENUM_CONVERSION = YES;
				CLANG_WARN_INFINITE_RECURSION = YES;
				CLANG_WARN_INT_CONVERSION = YES;
				CLANG_WARN_NON_LITERAL_NULL_CONVERSION = YES;
				CLANG_WARN_OBJC_IMPLICIT_RETAIN_SELF = YES;
				CLANG_WARN_OBJC_LITERAL_CONVERSION = YES;
				CLANG_WARN_OBJC_ROOT_CLASS = YES_ERROR;
				CLANG_WARN_QUOTED_INCLUDE_IN_FRAMEWORK_HEADER = YES;
				CLANG_WARN_RANGE_LOOP_ANALYSIS = YES;
				CLANG_WARN_STRICT_PROTOTYPES = YES;
				CLANG_WARN_SUSPICIOUS_MOVE = YES;
				CLANG_WARN_UNGUARDED_AVAILABILITY = YES_AGGRESSIVE;
				CLANG_WARN_UNREACHABLE_CODE = YES;
				CLANG_WARN__DUPLICATE_METHOD_MATCH = YES;
				COPY_PHASE_STRIP = NO;
				DEBUG_INFORMATION_FORMAT = "dwarf-with-dsym";
				ENABLE_NS_ASSERTIONS = NO;
				ENABLE_STRICT_OBJC_MSGSEND = YES;
				GCC_C_LANGUAGE_STANDARD = gnu11;
				GCC_NO_COMMON_BLOCKS = YES;
				GCC_WARN_64_TO_32_BIT_CONVERSION = YES;
				GCC_WARN_ABOUT_RETURN_TYPE = YES_ERROR;
				GCC_WARN_UNDECLARED_SELECTOR = YES;
				GCC_WARN_UNINITIALIZED_AUTOS = YES_AGGRESSIVE;
				GCC_WARN_UNUSED_FUNCTION = YES;
				GCC_WARN_UNUSED_VARIABLE = YES;
				IPHONEOS_DEPLOYMENT_TARGET = 15.2;
				MTL_ENABLE_DEBUG_INFO = NO;
				MTL_FAST_MATH = YES;
				SDKROOT = iphoneos;
				SWIFT_COMPILATION_MODE = wholemodule;
				SWIFT_OPTIMIZATION_LEVEL = "-O";
				VALIDATE_PRODUCT = YES;
			};
			name = Release;
		};
		5C09DA3427C19633003D03F7 /* Debug */ = {
			isa = XCBuildConfiguration;
			buildSettings = {
				ASSETCATALOG_COMPILER_APPICON_NAME = AppIcon;
				ASSETCATALOG_COMPILER_GLOBAL_ACCENT_COLOR_NAME = AccentColor;
				CODE_SIGN_STYLE = Automatic;
				CURRENT_PROJECT_VERSION = 1;
				DEVELOPMENT_ASSET_PATHS = "\"EventCountdown/Preview Content\"";
				DEVELOPMENT_TEAM = 7927LZ58S8;
				ENABLE_PREVIEWS = YES;
				GENERATE_INFOPLIST_FILE = YES;
				INFOPLIST_KEY_UIApplicationSceneManifest_Generation = YES;
				INFOPLIST_KEY_UIApplicationSupportsIndirectInputEvents = YES;
				INFOPLIST_KEY_UILaunchScreen_Generation = YES;
				INFOPLIST_KEY_UISupportedInterfaceOrientations_iPad = "UIInterfaceOrientationPortrait UIInterfaceOrientationPortraitUpsideDown UIInterfaceOrientationLandscapeLeft UIInterfaceOrientationLandscapeRight";
				INFOPLIST_KEY_UISupportedInterfaceOrientations_iPhone = "UIInterfaceOrientationPortrait UIInterfaceOrientationLandscapeLeft UIInterfaceOrientationLandscapeRight";
				LD_RUNPATH_SEARCH_PATHS = (
					"$(inherited)",
					"@executable_path/Frameworks",
				);
				MARKETING_VERSION = 1.0;
				PRODUCT_BUNDLE_IDENTIFIER = com.nolinmcfarland.EventCountdown;
				PRODUCT_NAME = "$(TARGET_NAME)";
				SWIFT_EMIT_LOC_STRINGS = YES;
				SWIFT_VERSION = 5.0;
				TARGETED_DEVICE_FAMILY = "1,2";
			};
			name = Debug;
		};
		5C09DA3527C19633003D03F7 /* Release */ = {
			isa = XCBuildConfiguration;
			buildSettings = {
				ASSETCATALOG_COMPILER_APPICON_NAME = AppIcon;
				ASSETCATALOG_COMPILER_GLOBAL_ACCENT_COLOR_NAME = AccentColor;
				CODE_SIGN_STYLE = Automatic;
				CURRENT_PROJECT_VERSION = 1;
				DEVELOPMENT_ASSET_PATHS = "\"EventCountdown/Preview Content\"";
				DEVELOPMENT_TEAM = 7927LZ58S8;
				ENABLE_PREVIEWS = YES;
				GENERATE_INFOPLIST_FILE = YES;
				INFOPLIST_KEY_UIApplicationSceneManifest_Generation = YES;
				INFOPLIST_KEY_UIApplicationSupportsIndirectInputEvents = YES;
				INFOPLIST_KEY_UILaunchScreen_Generation = YES;
				INFOPLIST_KEY_UISupportedInterfaceOrientations_iPad = "UIInterfaceOrientationPortrait UIInterfaceOrientationPortraitUpsideDown UIInterfaceOrientationLandscapeLeft UIInterfaceOrientationLandscapeRight";
				INFOPLIST_KEY_UISupportedInterfaceOrientations_iPhone = "UIInterfaceOrientationPortrait UIInterfaceOrientationLandscapeLeft UIInterfaceOrientationLandscapeRight";
				LD_RUNPATH_SEARCH_PATHS = (
					"$(inherited)",
					"@executable_path/Frameworks",
				);
				MARKETING_VERSION = 1.0;
				PRODUCT_BUNDLE_IDENTIFIER = com.nolinmcfarland.EventCountdown;
				PRODUCT_NAME = "$(TARGET_NAME)";
				SWIFT_EMIT_LOC_STRINGS = YES;
				SWIFT_VERSION = 5.0;
				TARGETED_DEVICE_FAMILY = "1,2";
			};
			name = Release;
		};
/* End XCBuildConfiguration section */

/* Begin XCConfigurationList section */
		5C09DA2027C19632003D03F7 /* Build configuration list for PBXProject "EventCountdown" */ = {
			isa = XCConfigurationList;
			buildConfigurations = (
				5C09DA3127C19633003D03F7 /* Debug */,
				5C09DA3227C19633003D03F7 /* Release */,
			);
			defaultConfigurationIsVisible = 0;
			defaultConfigurationName = Release;
		};
		5C09DA3327C19633003D03F7 /* Build configuration list for PBXNativeTarget "EventCountdown" */ = {
			isa = XCConfigurationList;
			buildConfigurations = (
				5C09DA3427C19633003D03F7 /* Debug */,
				5C09DA3527C19633003D03F7 /* Release */,
			);
			defaultConfigurationIsVisible = 0;
			defaultConfigurationName = Release;
		};
/* End XCConfigurationList section */

/* Begin XCVersionGroup section */
		5C09DA3627C19773003D03F7 /* EventCountdown.xcdatamodeld */ = {
			isa = XCVersionGroup;
			children = (
				5C09DA3727C19773003D03F7 /* EventCountdown.xcdatamodel */,
			);
			currentVersion = 5C09DA3727C19773003D03F7 /* EventCountdown.xcdatamodel */;
			path = EventCountdown.xcdatamodeld;
			sourceTree = "<group>";
			versionGroupType = wrapper.xcdatamodel;
		};
/* End XCVersionGroup section */
	};
	rootObject = 5C09DA1D27C19632003D03F7 /* Project object */;
}
